// !$*UTF8*$!
{
	archiveVersion = 1;
	classes = {
	};
	objectVersion = 56;
	objects = {

/* Begin PBXBuildFile section */
		B529265828EFD1BC00C54453 /* AppDelegate.swift in Sources */ = {isa = PBXBuildFile; fileRef = B529265728EFD1BC00C54453 /* AppDelegate.swift */; };
		B529265A28EFD1BC00C54453 /* SceneDelegate.swift in Sources */ = {isa = PBXBuildFile; fileRef = B529265928EFD1BC00C54453 /* SceneDelegate.swift */; };
		B529265C28EFD1BC00C54453 /* ViewController.swift in Sources */ = {isa = PBXBuildFile; fileRef = B529265B28EFD1BC00C54453 /* ViewController.swift */; };
		B529266128EFD1BD00C54453 /* Assets.xcassets in Resources */ = {isa = PBXBuildFile; fileRef = B529266028EFD1BD00C54453 /* Assets.xcassets */; };
		B529266428EFD1BD00C54453 /* LaunchScreen.storyboard in Resources */ = {isa = PBXBuildFile; fileRef = B529266228EFD1BD00C54453 /* LaunchScreen.storyboard */; };
		B53F7C0228F45EDA0077526B /* Product.swift in Sources */ = {isa = PBXBuildFile; fileRef = B53F7C0128F45EDA0077526B /* Product.swift */; };
		B56F296C28F44023008271EC /* SideMenuViewController.swift in Sources */ = {isa = PBXBuildFile; fileRef = B56F296B28F44023008271EC /* SideMenuViewController.swift */; };
		B5D83F9028EFEE7A00DB33E6 /* WeatherViewController.swift in Sources */ = {isa = PBXBuildFile; fileRef = B5D83F8E28EFEE7A00DB33E6 /* WeatherViewController.swift */; };
		B5D83F9128EFEE7A00DB33E6 /* WeatherViewController.xib in Resources */ = {isa = PBXBuildFile; fileRef = B5D83F8F28EFEE7A00DB33E6 /* WeatherViewController.xib */; };
		B5D83F9328EFF29E00DB33E6 /* PageViewController.swift in Sources */ = {isa = PBXBuildFile; fileRef = B5D83F9228EFF29E00DB33E6 /* PageViewController.swift */; };
		B5F74DA928F07F1C00833560 /* WeekendCell.swift in Sources */ = {isa = PBXBuildFile; fileRef = B5F74DA728F07F1C00833560 /* WeekendCell.swift */; };
		B5F74DAA28F07F1C00833560 /* WeekendCell.xib in Resources */ = {isa = PBXBuildFile; fileRef = B5F74DA828F07F1C00833560 /* WeekendCell.xib */; };
		B5F74DAF28F0847C00833560 /* Weekend.swift in Sources */ = {isa = PBXBuildFile; fileRef = B5F74DAE28F0847C00833560 /* Weekend.swift */; };
/* End PBXBuildFile section */

/* Begin PBXFileReference section */
		B529265428EFD1BC00C54453 /* WeatherApp_Hackathon.app */ = {isa = PBXFileReference; explicitFileType = wrapper.application; includeInIndex = 0; path = WeatherApp_Hackathon.app; sourceTree = BUILT_PRODUCTS_DIR; };
		B529265728EFD1BC00C54453 /* AppDelegate.swift */ = {isa = PBXFileReference; lastKnownFileType = sourcecode.swift; path = AppDelegate.swift; sourceTree = "<group>"; };
		B529265928EFD1BC00C54453 /* SceneDelegate.swift */ = {isa = PBXFileReference; lastKnownFileType = sourcecode.swift; path = SceneDelegate.swift; sourceTree = "<group>"; };
		B529265B28EFD1BC00C54453 /* ViewController.swift */ = {isa = PBXFileReference; lastKnownFileType = sourcecode.swift; path = ViewController.swift; sourceTree = "<group>"; };
		B529266028EFD1BD00C54453 /* Assets.xcassets */ = {isa = PBXFileReference; lastKnownFileType = folder.assetcatalog; path = Assets.xcassets; sourceTree = "<group>"; };
		B529266328EFD1BD00C54453 /* Base */ = {isa = PBXFileReference; lastKnownFileType = file.storyboard; name = Base; path = Base.lproj/LaunchScreen.storyboard; sourceTree = "<group>"; };
		B529266528EFD1BD00C54453 /* Info.plist */ = {isa = PBXFileReference; lastKnownFileType = text.plist.xml; path = Info.plist; sourceTree = "<group>"; };
		B53F7C0128F45EDA0077526B /* Product.swift */ = {isa = PBXFileReference; lastKnownFileType = sourcecode.swift; path = Product.swift; sourceTree = "<group>"; };
		B56F296B28F44023008271EC /* SideMenuViewController.swift */ = {isa = PBXFileReference; lastKnownFileType = sourcecode.swift; path = SideMenuViewController.swift; sourceTree = "<group>"; };
		B5D83F8E28EFEE7A00DB33E6 /* WeatherViewController.swift */ = {isa = PBXFileReference; lastKnownFileType = sourcecode.swift; path = WeatherViewController.swift; sourceTree = "<group>"; };
		B5D83F8F28EFEE7A00DB33E6 /* WeatherViewController.xib */ = {isa = PBXFileReference; lastKnownFileType = file.xib; path = WeatherViewController.xib; sourceTree = "<group>"; };
		B5D83F9228EFF29E00DB33E6 /* PageViewController.swift */ = {isa = PBXFileReference; lastKnownFileType = sourcecode.swift; path = PageViewController.swift; sourceTree = "<group>"; };
		B5F74DA728F07F1C00833560 /* WeekendCell.swift */ = {isa = PBXFileReference; lastKnownFileType = sourcecode.swift; path = WeekendCell.swift; sourceTree = "<group>"; };
		B5F74DA828F07F1C00833560 /* WeekendCell.xib */ = {isa = PBXFileReference; lastKnownFileType = file.xib; path = WeekendCell.xib; sourceTree = "<group>"; };
		B5F74DAE28F0847C00833560 /* Weekend.swift */ = {isa = PBXFileReference; lastKnownFileType = sourcecode.swift; path = Weekend.swift; sourceTree = "<group>"; };
/* End PBXFileReference section */

/* Begin PBXFrameworksBuildPhase section */
		B529265128EFD1BC00C54453 /* Frameworks */ = {
			isa = PBXFrameworksBuildPhase;
			buildActionMask = 2147483647;
			files = (
			);
			runOnlyForDeploymentPostprocessing = 0;
		};
/* End PBXFrameworksBuildPhase section */

/* Begin PBXGroup section */
		B529264B28EFD1BC00C54453 = {
			isa = PBXGroup;
			children = (
				B529265628EFD1BC00C54453 /* WeatherApp_Hackathon */,
				B529265528EFD1BC00C54453 /* Products */,
			);
			sourceTree = "<group>";
		};
		B529265528EFD1BC00C54453 /* Products */ = {
			isa = PBXGroup;
			children = (
				B529265428EFD1BC00C54453 /* WeatherApp_Hackathon.app */,
			);
			name = Products;
			sourceTree = "<group>";
		};
		B529265628EFD1BC00C54453 /* WeatherApp_Hackathon */ = {
			isa = PBXGroup;
			children = (
				B529265728EFD1BC00C54453 /* AppDelegate.swift */,
				B529265928EFD1BC00C54453 /* SceneDelegate.swift */,
				B5F74DAD28F0842800833560 /* M */,
				B5F74DAC28F0842600833560 /* V */,
				B5F74DAB28F0842300833560 /* C */,
				B53F7C0128F45EDA0077526B /* Product.swift */,
				B529266028EFD1BD00C54453 /* Assets.xcassets */,
				B529266528EFD1BD00C54453 /* Info.plist */,
			);
			path = WeatherApp_Hackathon;
			sourceTree = "<group>";
		};
		B5F74DAB28F0842300833560 /* C */ = {
			isa = PBXGroup;
			children = (
				B529265B28EFD1BC00C54453 /* ViewController.swift */,
				B5D83F9228EFF29E00DB33E6 /* PageViewController.swift */,
				B5D83F8E28EFEE7A00DB33E6 /* WeatherViewController.swift */,
				B56F296B28F44023008271EC /* SideMenuViewController.swift */,
			);
			path = C;
			sourceTree = "<group>";
		};
		B5F74DAC28F0842600833560 /* V */ = {
			isa = PBXGroup;
			children = (
				B5F74DA728F07F1C00833560 /* WeekendCell.swift */,
				B5D83F8F28EFEE7A00DB33E6 /* WeatherViewController.xib */,
				B5F74DA828F07F1C00833560 /* WeekendCell.xib */,
				B529266228EFD1BD00C54453 /* LaunchScreen.storyboard */,
			);
			path = V;
			sourceTree = "<group>";
		};
		B5F74DAD28F0842800833560 /* M */ = {
			isa = PBXGroup;
			children = (
				B5F74DAE28F0847C00833560 /* Weekend.swift */,
			);
			path = M;
			sourceTree = "<group>";
		};
/* End PBXGroup section */

/* Begin PBXNativeTarget section */
		B529265328EFD1BC00C54453 /* WeatherApp_Hackathon */ = {
			isa = PBXNativeTarget;
			buildConfigurationList = B529266828EFD1BD00C54453 /* Build configuration list for PBXNativeTarget "WeatherApp_Hackathon" */;
			buildPhases = (
				B529265028EFD1BC00C54453 /* Sources */,
				B529265128EFD1BC00C54453 /* Frameworks */,
				B529265228EFD1BC00C54453 /* Resources */,
			);
			buildRules = (
			);
			dependencies = (
			);
			name = WeatherApp_Hackathon;
			productName = WeatherApp_Hackathon;
			productReference = B529265428EFD1BC00C54453 /* WeatherApp_Hackathon.app */;
			productType = "com.apple.product-type.application";
		};
/* End PBXNativeTarget section */

/* Begin PBXProject section */
		B529264C28EFD1BC00C54453 /* Project object */ = {
			isa = PBXProject;
			attributes = {
				BuildIndependentTargetsInParallel = 1;
				LastSwiftUpdateCheck = 1400;
				LastUpgradeCheck = 1400;
				TargetAttributes = {
					B529265328EFD1BC00C54453 = {
						CreatedOnToolsVersion = 14.0;
					};
				};
			};
			buildConfigurationList = B529264F28EFD1BC00C54453 /* Build configuration list for PBXProject "WeatherApp_Hackathon" */;
			compatibilityVersion = "Xcode 14.0";
			developmentRegion = en;
			hasScannedForEncodings = 0;
			knownRegions = (
				en,
				Base,
			);
			mainGroup = B529264B28EFD1BC00C54453;
			productRefGroup = B529265528EFD1BC00C54453 /* Products */;
			projectDirPath = "";
			projectRoot = "";
			targets = (
				B529265328EFD1BC00C54453 /* WeatherApp_Hackathon */,
			);
		};
/* End PBXProject section */

/* Begin PBXResourcesBuildPhase section */
		B529265228EFD1BC00C54453 /* Resources */ = {
			isa = PBXResourcesBuildPhase;
			buildActionMask = 2147483647;
			files = (
				B529266428EFD1BD00C54453 /* LaunchScreen.storyboard in Resources */,
				B5F74DAA28F07F1C00833560 /* WeekendCell.xib in Resources */,
				B5D83F9128EFEE7A00DB33E6 /* WeatherViewController.xib in Resources */,
				B529266128EFD1BD00C54453 /* Assets.xcassets in Resources */,
			);
			runOnlyForDeploymentPostprocessing = 0;
		};
/* End PBXResourcesBuildPhase section */

/* Begin PBXSourcesBuildPhase section */
		B529265028EFD1BC00C54453 /* Sources */ = {
			isa = PBXSourcesBuildPhase;
			buildActionMask = 2147483647;
			files = (
				B56F296C28F44023008271EC /* SideMenuViewController.swift in Sources */,
				B529265C28EFD1BC00C54453 /* ViewController.swift in Sources */,
				B53F7C0228F45EDA0077526B /* Product.swift in Sources */,
				B5D83F9328EFF29E00DB33E6 /* PageViewController.swift in Sources */,
				B5D83F9028EFEE7A00DB33E6 /* WeatherViewController.swift in Sources */,
				B5F74DAF28F0847C00833560 /* Weekend.swift in Sources */,
				B5F74DA928F07F1C00833560 /* WeekendCell.swift in Sources */,
				B529265828EFD1BC00C54453 /* AppDelegate.swift in Sources */,
				B529265A28EFD1BC00C54453 /* SceneDelegate.swift in Sources */,
			);
			runOnlyForDeploymentPostprocessing = 0;
		};
/* End PBXSourcesBuildPhase section */

/* Begin PBXVariantGroup section */
		B529266228EFD1BD00C54453 /* LaunchScreen.storyboard */ = {
			isa = PBXVariantGroup;
			children = (
				B529266328EFD1BD00C54453 /* Base */,
			);
			name = LaunchScreen.storyboard;
			sourceTree = "<group>";
		};
/* End PBXVariantGroup section */

/* Begin XCBuildConfiguration section */
		B529266628EFD1BD00C54453 /* Debug */ = {
			isa = XCBuildConfiguration;
			buildSettings = {
				ALWAYS_SEARCH_USER_PATHS = NO;
				CLANG_ANALYZER_NONNULL = YES;
				CLANG_ANALYZER_NUMBER_OBJECT_CONVERSION = YES_AGGRESSIVE;
				CLANG_CXX_LANGUAGE_STANDARD = "gnu++20";
				CLANG_ENABLE_MODULES = YES;
				CLANG_ENABLE_OBJC_ARC = YES;
				CLANG_ENABLE_OBJC_WEAK = YES;
				CLANG_WARN_BLOCK_CAPTURE_AUTORELEASING = YES;
				CLANG_WARN_BOOL_CONVERSION = YES;
				CLANG_WARN_COMMA = YES;
				CLANG_WARN_CONSTANT_CONVERSION = YES;
				CLANG_WARN_DEPRECATED_OBJC_IMPLEMENTATIONS = YES;
				CLANG_WARN_DIRECT_OBJC_ISA_USAGE = YES_ERROR;
				CLANG_WARN_DOCUMENTATION_COMMENTS = YES;
				CLANG_WARN_EMPTY_BODY = YES;
				CLANG_WARN_ENUM_CONVERSION = YES;
				CLANG_WARN_INFINITE_RECURSION = YES;
				CLANG_WARN_INT_CONVERSION = YES;
				CLANG_WARN_NON_LITERAL_NULL_CONVERSION = YES;
				CLANG_WARN_OBJC_IMPLICIT_RETAIN_SELF = YES;
				CLANG_WARN_OBJC_LITERAL_CONVERSION = YES;
				CLANG_WARN_OBJC_ROOT_CLASS = YES_ERROR;
				CLANG_WARN_QUOTED_INCLUDE_IN_FRAMEWORK_HEADER = YES;
				CLANG_WARN_RANGE_LOOP_ANALYSIS = YES;
				CLANG_WARN_STRICT_PROTOTYPES = YES;
				CLANG_WARN_SUSPICIOUS_MOVE = YES;
				CLANG_WARN_UNGUARDED_AVAILABILITY = YES_AGGRESSIVE;
				CLANG_WARN_UNREACHABLE_CODE = YES;
				CLANG_WARN__DUPLICATE_METHOD_MATCH = YES;
				COPY_PHASE_STRIP = NO;
				DEBUG_INFORMATION_FORMAT = dwarf;
				ENABLE_STRICT_OBJC_MSGSEND = YES;
				ENABLE_TESTABILITY = YES;
				GCC_C_LANGUAGE_STANDARD = gnu11;
				GCC_DYNAMIC_NO_PIC = NO;
				GCC_NO_COMMON_BLOCKS = YES;
				GCC_OPTIMIZATION_LEVEL = 0;
				GCC_PREPROCESSOR_DEFINITIONS = (
					"DEBUG=1",
					"$(inherited)",
				);
				GCC_WARN_64_TO_32_BIT_CONVERSION = YES;
				GCC_WARN_ABOUT_RETURN_TYPE = YES_ERROR;
				GCC_WARN_UNDECLARED_SELECTOR = YES;
				GCC_WARN_UNINITIALIZED_AUTOS = YES_AGGRESSIVE;
				GCC_WARN_UNUSED_FUNCTION = YES;
				GCC_WARN_UNUSED_VARIABLE = YES;
				IPHONEOS_DEPLOYMENT_TARGET = 16.0;
				MTL_ENABLE_DEBUG_INFO = INCLUDE_SOURCE;
				MTL_FAST_MATH = YES;
				ONLY_ACTIVE_ARCH = YES;
				SDKROOT = iphoneos;
				SWIFT_ACTIVE_COMPILATION_CONDITIONS = DEBUG;
				SWIFT_OPTIMIZATION_LEVEL = "-Onone";
			};
			name = Debug;
		};
		B529266728EFD1BD00C54453 /* Release */ = {
			isa = XCBuildConfiguration;
			buildSettings = {
				ALWAYS_SEARCH_USER_PATHS = NO;
				CLANG_ANALYZER_NONNULL = YES;
				CLANG_ANALYZER_NUMBER_OBJECT_CONVERSION = YES_AGGRESSIVE;
				CLANG_CXX_LANGUAGE_STANDARD = "gnu++20";
				CLANG_ENABLE_MODULES = YES;
				CLANG_ENABLE_OBJC_ARC = YES;
				CLANG_ENABLE_OBJC_WEAK = YES;
				CLANG_WARN_BLOCK_CAPTURE_AUTORELEASING = YES;
				CLANG_WARN_BOOL_CONVERSION = YES;
				CLANG_WARN_COMMA = YES;
				CLANG_WARN_CONSTANT_CONVERSION = YES;
				CLANG_WARN_DEPRECATED_OBJC_IMPLEMENTATIONS = YES;
				CLANG_WARN_DIRECT_OBJC_ISA_USAGE = YES_ERROR;
				CLANG_WARN_DOCUMENTATION_COMMENTS = YES;
				CLANG_WARN_EMPTY_BODY = YES;
				CLANG_WARN_ENUM_CONVERSION = YES;
				CLANG_WARN_INFINITE_RECURSION = YES;
				CLANG_WARN_INT_CONVERSION = YES;
				CLANG_WARN_NON_LITERAL_NULL_CONVERSION = YES;
				CLANG_WARN_OBJC_IMPLICIT_RETAIN_SELF = YES;
				CLANG_WARN_OBJC_LITERAL_CONVERSION = YES;
				CLANG_WARN_OBJC_ROOT_CLASS = YES_ERROR;
				CLANG_WARN_QUOTED_INCLUDE_IN_FRAMEWORK_HEADER = YES;
				CLANG_WARN_RANGE_LOOP_ANALYSIS = YES;
				CLANG_WARN_STRICT_PROTOTYPES = YES;
				CLANG_WARN_SUSPICIOUS_MOVE = YES;
				CLANG_WARN_UNGUARDED_AVAILABILITY = YES_AGGRESSIVE;
				CLANG_WARN_UNREACHABLE_CODE = YES;
				CLANG_WARN__DUPLICATE_METHOD_MATCH = YES;
				COPY_PHASE_STRIP = NO;
				DEBUG_INFORMATION_FORMAT = "dwarf-with-dsym";
				ENABLE_NS_ASSERTIONS = NO;
				ENABLE_STRICT_OBJC_MSGSEND = YES;
				GCC_C_LANGUAGE_STANDARD = gnu11;
				GCC_NO_COMMON_BLOCKS = YES;
				GCC_WARN_64_TO_32_BIT_CONVERSION = YES;
				GCC_WARN_ABOUT_RETURN_TYPE = YES_ERROR;
				GCC_WARN_UNDECLARED_SELECTOR = YES;
				GCC_WARN_UNINITIALIZED_AUTOS = YES_AGGRESSIVE;
				GCC_WARN_UNUSED_FUNCTION = YES;
				GCC_WARN_UNUSED_VARIABLE = YES;
				IPHONEOS_DEPLOYMENT_TARGET = 16.0;
				MTL_ENABLE_DEBUG_INFO = NO;
				MTL_FAST_MATH = YES;
				SDKROOT = iphoneos;
				SWIFT_COMPILATION_MODE = wholemodule;
				SWIFT_OPTIMIZATION_LEVEL = "-O";
				VALIDATE_PRODUCT = YES;
			};
			name = Release;
		};
		B529266928EFD1BD00C54453 /* Debug */ = {
			isa = XCBuildConfiguration;
			buildSettings = {
				ASSETCATALOG_COMPILER_APPICON_NAME = AppIcon;
				ASSETCATALOG_COMPILER_GLOBAL_ACCENT_COLOR_NAME = AccentColor;
				CODE_SIGN_STYLE = Automatic;
				CURRENT_PROJECT_VERSION = 1;
				DEVELOPMENT_TEAM = 2V72T39FKF;
				GENERATE_INFOPLIST_FILE = YES;
				INFOPLIST_FILE = WeatherApp_Hackathon/Info.plist;
				INFOPLIST_KEY_UIApplicationSupportsIndirectInputEvents = YES;
				INFOPLIST_KEY_UILaunchStoryboardName = LaunchScreen;
				INFOPLIST_KEY_UIMainStoryboardFile = Main;
				INFOPLIST_KEY_UISupportedInterfaceOrientations_iPad = "UIInterfaceOrientationPortrait UIInterfaceOrientationPortraitUpsideDown UIInterfaceOrientationLandscapeLeft UIInterfaceOrientationLandscapeRight";
				INFOPLIST_KEY_UISupportedInterfaceOrientations_iPhone = "UIInterfaceOrientationPortrait UIInterfaceOrientationLandscapeLeft UIInterfaceOrientationLandscapeRight";
				IPHONEOS_DEPLOYMENT_TARGET = 14.0;
				LD_RUNPATH_SEARCH_PATHS = (
					"$(inherited)",
					"@executable_path/Frameworks",
				);
				MARKETING_VERSION = 1.0;
				PRODUCT_BUNDLE_IDENTIFIER = "com.muker.WeatherApp-Hackathon";
				PRODUCT_NAME = "$(TARGET_NAME)";
				SUPPORTED_PLATFORMS = "iphoneos iphonesimulator";
				SUPPORTS_MACCATALYST = NO;
				SUPPORTS_MAC_DESIGNED_FOR_IPHONE_IPAD = NO;
				SWIFT_EMIT_LOC_STRINGS = YES;
				SWIFT_VERSION = 5.0;
				TARGETED_DEVICE_FAMILY = 1;
			};
			name = Debug;
		};
		B529266A28EFD1BD00C54453 /* Release */ = {
			isa = XCBuildConfiguration;
			buildSettings = {
				ASSETCATALOG_COMPILER_APPICON_NAME = AppIcon;
				ASSETCATALOG_COMPILER_GLOBAL_ACCENT_COLOR_NAME = AccentColor;
				CODE_SIGN_STYLE = Automatic;
				CURRENT_PROJECT_VERSION = 1;
				DEVELOPMENT_TEAM = 2V72T39FKF;
				GENERATE_INFOPLIST_FILE = YES;
				INFOPLIST_FILE = WeatherApp_Hackathon/Info.plist;
				INFOPLIST_KEY_UIApplicationSupportsIndirectInputEvents = YES;
				INFOPLIST_KEY_UILaunchStoryboardName = LaunchScreen;
				INFOPLIST_KEY_UIMainStoryboardFile = Main;
				INFOPLIST_KEY_UISupportedInterfaceOrientations_iPad = "UIInterfaceOrientationPortrait UIInterfaceOrientationPortraitUpsideDown UIInterfaceOrientationLandscapeLeft UIInterfaceOrientationLandscapeRight";
				INFOPLIST_KEY_UISupportedInterfaceOrientations_iPhone = "UIInterfaceOrientationPortrait UIInterfaceOrientationLandscapeLeft UIInterfaceOrientationLandscapeRight";
				IPHONEOS_DEPLOYMENT_TARGET = 14.0;
				LD_RUNPATH_SEARCH_PATHS = (
					"$(inherited)",
					"@executable_path/Frameworks",
				);
				MARKETING_VERSION = 1.0;
				PRODUCT_BUNDLE_IDENTIFIER = "com.muker.WeatherApp-Hackathon";
				PRODUCT_NAME = "$(TARGET_NAME)";
				SUPPORTED_PLATFORMS = "iphoneos iphonesimulator";
				SUPPORTS_MACCATALYST = NO;
				SUPPORTS_MAC_DESIGNED_FOR_IPHONE_IPAD = NO;
				SWIFT_EMIT_LOC_STRINGS = YES;
				SWIFT_VERSION = 5.0;
				TARGETED_DEVICE_FAMILY = 1;
			};
			name = Release;
		};
/* End XCBuildConfiguration section */

/* Begin XCConfigurationList section */
		B529264F28EFD1BC00C54453 /* Build configuration list for PBXProject "WeatherApp_Hackathon" */ = {
			isa = XCConfigurationList;
			buildConfigurations = (
				B529266628EFD1BD00C54453 /* Debug */,
				B529266728EFD1BD00C54453 /* Release */,
			);
			defaultConfigurationIsVisible = 0;
			defaultConfigurationName = Release;
		};
		B529266828EFD1BD00C54453 /* Build configuration list for PBXNativeTarget "WeatherApp_Hackathon" */ = {
			isa = XCConfigurationList;
			buildConfigurations = (
				B529266928EFD1BD00C54453 /* Debug */,
				B529266A28EFD1BD00C54453 /* Release */,
			);
			defaultConfigurationIsVisible = 0;
			defaultConfigurationName = Release;
		};
/* End XCConfigurationList section */
	};
	rootObject = B529264C28EFD1BC00C54453 /* Project object */;
}
